{
  "name": "tonympdx",
  "lockfileVersion": 2,
  "requires": true,
  "packages": {
    "": {
      "devDependencies": {
        "eleventy-plugin-reading-time": "^0.0.1"
      }
    },
    "node_modules/eleventy-plugin-reading-time": {
      "version": "0.0.1",
      "resolved": "https://registry.npmjs.org/eleventy-plugin-reading-time/-/eleventy-plugin-reading-time-0.0.1.tgz",
      "integrity": "sha512-6MRHwrWMYm/u9lJK4/mnyS+6SyQxJSQcTfa1DqQS9fpQRPsZ9mdO9rZ/6DAhZpX2/cXxrbc6qxgcv6Qj90im1g==",
      "dev": true
    }
  },
  "dependencies": {
    "eleventy-plugin-reading-time": {
      "version": "0.0.1",
      "resolved": "https://registry.npmjs.org/eleventy-plugin-reading-time/-/eleventy-plugin-reading-time-0.0.1.tgz",
      "integrity": "sha512-6MRHwrWMYm/u9lJK4/mnyS+6SyQxJSQcTfa1DqQS9fpQRPsZ9mdO9rZ/6DAhZpX2/cXxrbc6qxgcv6Qj90im1g==",
      "dev": true
    }
  }
}
